<Solution>
  <Project Path="DreamBit.Engine.Tests/DreamBit.Engine.Tests.csproj" />
  <Project Path="DreamBit.Engine/DreamBit.Engine.csproj" />
  <Project Path="DreamBit.Player/DreamBit.Player.csproj" />
  <Project Path="DreamBit.Studio.Avalonia/DreamBit.Studio.Avalonia.csproj" />
  <Project Path="DreamBit.Studio.Core/DreamBit.Studio.Core.csproj" />
</Solution>
